
Microsoft Visual Studio Solution File, Format Version 12.00
# Visual Studio 14
VisualStudioVersion = 14.0.24720.0
MinimumVisualStudioVersion = 10.0.40219.1
Project("{FAE04EC0-301F-11D3-BF4B-00C04F79EFBC}") = "TestLib", "TestLib\TestLib.csproj", "{42B84F9B-EF7F-4869-8840-CC880F667EBA}"
EndProject
Project("{FAE04EC0-301F-11D3-BF4B-00C04F79EFBC}") = "TestLib.Tests", "TestLib.Tests\TestLib.Tests.csproj", "{735BA474-8079-4C21-BDD1-4F31639E18F0}"
EndProject
Global
	GlobalSection(SolutionConfigurationPlatforms) = preSolution
		Debug|Any CPU = Debug|Any CPU
		Release|Any CPU = Release|Any CPU
	EndGlobalSection
	GlobalSection(ProjectConfigurationPlatforms) = postSolution
		{42B84F9B-EF7F-4869-8840-CC880F667EBA}.Debug|Any CPU.ActiveCfg = Debug|Any CPU
		{42B84F9B-EF7F-4869-8840-CC880F667EBA}.Debug|Any CPU.Build.0 = Debug|Any CPU
		{42B84F9B-EF7F-4869-8840-CC880F667EBA}.Release|Any CPU.ActiveCfg = Release|Any CPU
		{42B84F9B-EF7F-4869-8840-CC880F667EBA}.Release|Any CPU.Build.0 = Release|Any CPU
		{735BA474-8079-4C21-BDD1-4F31639E18F0}.Debug|Any CPU.ActiveCfg = Debug|Any CPU
		{735BA474-8079-4C21-BDD1-4F31639E18F0}.Debug|Any CPU.Build.0 = Debug|Any CPU
		{735BA474-8079-4C21-BDD1-4F31639E18F0}.Release|Any CPU.ActiveCfg = Release|Any CPU
		{735BA474-8079-4C21-BDD1-4F31639E18F0}.Release|Any CPU.Build.0 = Release|Any CPU
	EndGlobalSection
	GlobalSection(SolutionProperties) = preSolution
		HideSolutionNode = FALSE
	EndGlobalSection
EndGlobal
